{
  "name": "ng-logr",
  "version": "1.0.0-beta.7",
  "lockfileVersion": 1,
  "requires": true,
  "dependencies": {
    "safe-stable-stringify": {
      "version": "1.0.1",
      "resolved": "https://registry.npmjs.org/safe-stable-stringify/-/safe-stable-stringify-1.0.1.tgz",
      "integrity": "sha512-dg5SDrKC3bs+As+GxMvgYm07K4ErU97oNr3JQlpdS5jw+MFfXlJhmjHgPM+sSbGWjUPKTNeIid69urGf9l8mqg=="
    }
  }
}
